// !$*UTF8*$!
{
	archiveVersion = 1;
	classes = {
	};
	objectVersion = 50;
	objects = {

/* Begin PBXBuildFile section */
		3FA07064219EFDD70037D47B /* AppDelegate.m in Sources */ = {isa = PBXBuildFile; fileRef = 3FA07063219EFDD70037D47B /* AppDelegate.m */; };
		3FA07067219EFDD70037D47B /* ViewController.m in Sources */ = {isa = PBXBuildFile; fileRef = 3FA07066219EFDD70037D47B /* ViewController.m */; };
		3FA0706C219EFDD80037D47B /* Assets.xcassets in Resources */ = {isa = PBXBuildFile; fileRef = 3FA0706B219EFDD80037D47B /* Assets.xcassets */; };
		3FA0706F219EFDD80037D47B /* LaunchScreen.storyboard in Resources */ = {isa = PBXBuildFile; fileRef = 3FA0706D219EFDD80037D47B /* LaunchScreen.storyboard */; };
		3FA07072219EFDD80037D47B /* main.m in Sources */ = {isa = PBXBuildFile; fileRef = 3FA07071219EFDD80037D47B /* main.m */; };
		3FA070C1219EFEC50037D47B /* DDTTYLogger.m in Sources */ = {isa = PBXBuildFile; fileRef = 3FA0707A219EFEC40037D47B /* DDTTYLogger.m */; };
		3FA070C2219EFEC50037D47B /* DDASLLogger.m in Sources */ = {isa = PBXBuildFile; fileRef = 3FA0707D219EFEC40037D47B /* DDASLLogger.m */; };
		3FA070C3219EFEC50037D47B /* ContextFilterLogFormatter.m in Sources */ = {isa = PBXBuildFile; fileRef = 3FA07082219EFEC40037D47B /* ContextFilterLogFormatter.m */; };
		3FA070C4219EFEC50037D47B /* DispatchQueueLogFormatter.m in Sources */ = {isa = PBXBuildFile; fileRef = 3FA07083219EFEC40037D47B /* DispatchQueueLogFormatter.m */; };
		3FA070C5219EFEC50037D47B /* README.txt in Resources */ = {isa = PBXBuildFile; fileRef = 3FA07084219EFEC40037D47B /* README.txt */; };
		3FA070C6219EFEC50037D47B /* DDLog.m in Sources */ = {isa = PBXBuildFile; fileRef = 3FA07085219EFEC40037D47B /* DDLog.m */; };
		3FA070C8219EFEC50037D47B /* DDAbstractDatabaseLogger.m in Sources */ = {isa = PBXBuildFile; fileRef = 3FA07088219EFEC40037D47B /* DDAbstractDatabaseLogger.m */; };
		3FA070C9219EFEC50037D47B /* DDFileLogger.m in Sources */ = {isa = PBXBuildFile; fileRef = 3FA07089219EFEC40037D47B /* DDFileLogger.m */; };
		3FA070CA219EFEC50037D47B /* GCDAsyncSocket.m in Sources */ = {isa = PBXBuildFile; fileRef = 3FA0708C219EFEC40037D47B /* GCDAsyncSocket.m */; };
		3FA070CB219EFEC50037D47B /* About.txt in Resources */ = {isa = PBXBuildFile; fileRef = 3FA0708D219EFEC40037D47B /* About.txt */; };
		3FA070CC219EFEC50037D47B /* HTTPErrorResponse.m in Sources */ = {isa = PBXBuildFile; fileRef = 3FA07097219EFEC40037D47B /* HTTPErrorResponse.m */; };
		3FA070CD219EFEC50037D47B /* HTTPDataResponse.m in Sources */ = {isa = PBXBuildFile; fileRef = 3FA07098219EFEC40037D47B /* HTTPDataResponse.m */; };
		3FA070CE219EFEC50037D47B /* HTTPDynamicFileResponse.m in Sources */ = {isa = PBXBuildFile; fileRef = 3FA0709A219EFEC40037D47B /* HTTPDynamicFileResponse.m */; };
		3FA070CF219EFEC50037D47B /* HTTPFileResponse.m in Sources */ = {isa = PBXBuildFile; fileRef = 3FA0709B219EFEC40037D47B /* HTTPFileResponse.m */; };
		3FA070D0219EFEC50037D47B /* HTTPAsyncFileResponse.m in Sources */ = {isa = PBXBuildFile; fileRef = 3FA0709C219EFEC40037D47B /* HTTPAsyncFileResponse.m */; };
		3FA070D1219EFEC50037D47B /* HTTPRedirectResponse.m in Sources */ = {isa = PBXBuildFile; fileRef = 3FA0709D219EFEC40037D47B /* HTTPRedirectResponse.m */; };
		3FA070D2219EFEC50037D47B /* HTTPMessage.m in Sources */ = {isa = PBXBuildFile; fileRef = 3FA070A3219EFEC40037D47B /* HTTPMessage.m */; };
		3FA070D3219EFEC50037D47B /* HTTPConnection.m in Sources */ = {isa = PBXBuildFile; fileRef = 3FA070A4219EFEC40037D47B /* HTTPConnection.m */; };
		3FA070D4219EFEC50037D47B /* WebSocket.m in Sources */ = {isa = PBXBuildFile; fileRef = 3FA070A5219EFEC40037D47B /* WebSocket.m */; };
		3FA070D5219EFEC50037D47B /* MultipartMessageHeaderField.m in Sources */ = {isa = PBXBuildFile; fileRef = 3FA070AA219EFEC50037D47B /* MultipartMessageHeaderField.m */; };
		3FA070D6219EFEC50037D47B /* MultipartFormDataParser.m in Sources */ = {isa = PBXBuildFile; fileRef = 3FA070AB219EFEC50037D47B /* MultipartFormDataParser.m */; };
		3FA070D7219EFEC50037D47B /* MultipartMessageHeader.m in Sources */ = {isa = PBXBuildFile; fileRef = 3FA070AC219EFEC50037D47B /* MultipartMessageHeader.m */; };
		3FA070D8219EFEC50037D47B /* HTTPAuthenticationRequest.m in Sources */ = {isa = PBXBuildFile; fileRef = 3FA070AE219EFEC50037D47B /* HTTPAuthenticationRequest.m */; };
		3FA070D9219EFEC50037D47B /* DDNumber.m in Sources */ = {isa = PBXBuildFile; fileRef = 3FA070B0219EFEC50037D47B /* DDNumber.m */; };
		3FA070DA219EFEC50037D47B /* DDData.m in Sources */ = {isa = PBXBuildFile; fileRef = 3FA070B1219EFEC50037D47B /* DDData.m */; };
		3FA070DB219EFEC50037D47B /* DDRange.m in Sources */ = {isa = PBXBuildFile; fileRef = 3FA070B4219EFEC50037D47B /* DDRange.m */; };
		3FA070DC219EFEC50037D47B /* HTTPServer.m in Sources */ = {isa = PBXBuildFile; fileRef = 3FA070B6219EFEC50037D47B /* HTTPServer.m */; };
		3FA070E7219F0A140037D47B /* Web in Resources */ = {isa = PBXBuildFile; fileRef = 3FA070E6219F0A140037D47B /* Web */; };
/* End PBXBuildFile section */

/* Begin PBXFileReference section */
		3FA0705F219EFDD70037D47B /* iOSHTTPServer.app */ = {isa = PBXFileReference; explicitFileType = wrapper.application; includeInIndex = 0; path = iOSHTTPServer.app; sourceTree = BUILT_PRODUCTS_DIR; };
		3FA07062219EFDD70037D47B /* AppDelegate.h */ = {isa = PBXFileReference; lastKnownFileType = sourcecode.c.h; path = AppDelegate.h; sourceTree = "<group>"; };
		3FA07063219EFDD70037D47B /* AppDelegate.m */ = {isa = PBXFileReference; lastKnownFileType = sourcecode.c.objc; path = AppDelegate.m; sourceTree = "<group>"; };
		3FA07065219EFDD70037D47B /* ViewController.h */ = {isa = PBXFileReference; lastKnownFileType = sourcecode.c.h; path = ViewController.h; sourceTree = "<group>"; };
		3FA07066219EFDD70037D47B /* ViewController.m */ = {isa = PBXFileReference; lastKnownFileType = sourcecode.c.objc; path = ViewController.m; sourceTree = "<group>"; };
		3FA0706B219EFDD80037D47B /* Assets.xcassets */ = {isa = PBXFileReference; lastKnownFileType = folder.assetcatalog; path = Assets.xcassets; sourceTree = "<group>"; };
		3FA0706E219EFDD80037D47B /* Base */ = {isa = PBXFileReference; lastKnownFileType = file.storyboard; name = Base; path = Base.lproj/LaunchScreen.storyboard; sourceTree = "<group>"; };
		3FA07070219EFDD80037D47B /* Info.plist */ = {isa = PBXFileReference; lastKnownFileType = text.plist.xml; path = Info.plist; sourceTree = "<group>"; };
		3FA07071219EFDD80037D47B /* main.m */ = {isa = PBXFileReference; lastKnownFileType = sourcecode.c.objc; path = main.m; sourceTree = "<group>"; };
		3FA0707A219EFEC40037D47B /* DDTTYLogger.m */ = {isa = PBXFileReference; fileEncoding = 4; lastKnownFileType = sourcecode.c.objc; path = DDTTYLogger.m; sourceTree = "<group>"; };
		3FA0707B219EFEC40037D47B /* DDLog.h */ = {isa = PBXFileReference; fileEncoding = 4; lastKnownFileType = sourcecode.c.h; path = DDLog.h; sourceTree = "<group>"; };
		3FA0707C219EFEC40037D47B /* DDAbstractDatabaseLogger.h */ = {isa = PBXFileReference; fileEncoding = 4; lastKnownFileType = sourcecode.c.h; path = DDAbstractDatabaseLogger.h; sourceTree = "<group>"; };
		3FA0707D219EFEC40037D47B /* DDASLLogger.m */ = {isa = PBXFileReference; fileEncoding = 4; lastKnownFileType = sourcecode.c.objc; path = DDASLLogger.m; sourceTree = "<group>"; };
		3FA0707E219EFEC40037D47B /* DDFileLogger.h */ = {isa = PBXFileReference; fileEncoding = 4; lastKnownFileType = sourcecode.c.h; path = DDFileLogger.h; sourceTree = "<group>"; };
		3FA07080219EFEC40037D47B /* ContextFilterLogFormatter.h */ = {isa = PBXFileReference; fileEncoding = 4; lastKnownFileType = sourcecode.c.h; path = ContextFilterLogFormatter.h; sourceTree = "<group>"; };
		3FA07081219EFEC40037D47B /* DispatchQueueLogFormatter.h */ = {isa = PBXFileReference; fileEncoding = 4; lastKnownFileType = sourcecode.c.h; path = DispatchQueueLogFormatter.h; sourceTree = "<group>"; };
		3FA07082219EFEC40037D47B /* ContextFilterLogFormatter.m */ = {isa = PBXFileReference; fileEncoding = 4; lastKnownFileType = sourcecode.c.objc; path = ContextFilterLogFormatter.m; sourceTree = "<group>"; };
		3FA07083219EFEC40037D47B /* DispatchQueueLogFormatter.m */ = {isa = PBXFileReference; fileEncoding = 4; lastKnownFileType = sourcecode.c.objc; path = DispatchQueueLogFormatter.m; sourceTree = "<group>"; };
		3FA07084219EFEC40037D47B /* README.txt */ = {isa = PBXFileReference; fileEncoding = 4; lastKnownFileType = text; path = README.txt; sourceTree = "<group>"; };
		3FA07085219EFEC40037D47B /* DDLog.m */ = {isa = PBXFileReference; fileEncoding = 4; lastKnownFileType = sourcecode.c.objc; path = DDLog.m; sourceTree = "<group>"; };
		3FA07087219EFEC40037D47B /* DDTTYLogger.h */ = {isa = PBXFileReference; fileEncoding = 4; lastKnownFileType = sourcecode.c.h; path = DDTTYLogger.h; sourceTree = "<group>"; };
		3FA07088219EFEC40037D47B /* DDAbstractDatabaseLogger.m */ = {isa = PBXFileReference; fileEncoding = 4; lastKnownFileType = sourcecode.c.objc; path = DDAbstractDatabaseLogger.m; sourceTree = "<group>"; };
		3FA07089219EFEC40037D47B /* DDFileLogger.m */ = {isa = PBXFileReference; fileEncoding = 4; lastKnownFileType = sourcecode.c.objc; path = DDFileLogger.m; sourceTree = "<group>"; };
		3FA0708A219EFEC40037D47B /* DDASLLogger.h */ = {isa = PBXFileReference; fileEncoding = 4; lastKnownFileType = sourcecode.c.h; path = DDASLLogger.h; sourceTree = "<group>"; };
		3FA0708C219EFEC40037D47B /* GCDAsyncSocket.m */ = {isa = PBXFileReference; fileEncoding = 4; lastKnownFileType = sourcecode.c.objc; path = GCDAsyncSocket.m; sourceTree = "<group>"; };
		3FA0708D219EFEC40037D47B /* About.txt */ = {isa = PBXFileReference; fileEncoding = 4; lastKnownFileType = text; path = About.txt; sourceTree = "<group>"; };
		3FA0708E219EFEC40037D47B /* GCDAsyncSocket.h */ = {isa = PBXFileReference; fileEncoding = 4; lastKnownFileType = sourcecode.c.h; path = GCDAsyncSocket.h; sourceTree = "<group>"; };
		3FA07090219EFEC40037D47B /* HTTPConnection.h */ = {isa = PBXFileReference; fileEncoding = 4; lastKnownFileType = sourcecode.c.h; path = HTTPConnection.h; sourceTree = "<group>"; };
		3FA07091219EFEC40037D47B /* HTTPLogging.h */ = {isa = PBXFileReference; fileEncoding = 4; lastKnownFileType = sourcecode.c.h; path = HTTPLogging.h; sourceTree = "<group>"; };
		3FA07092219EFEC40037D47B /* HTTPMessage.h */ = {isa = PBXFileReference; fileEncoding = 4; lastKnownFileType = sourcecode.c.h; path = HTTPMessage.h; sourceTree = "<group>"; };
		3FA07093219EFEC40037D47B /* WebSocket.h */ = {isa = PBXFileReference; fileEncoding = 4; lastKnownFileType = sourcecode.c.h; path = WebSocket.h; sourceTree = "<group>"; };
		3FA07094219EFEC40037D47B /* HTTPAuthenticationRequest.h */ = {isa = PBXFileReference; fileEncoding = 4; lastKnownFileType = sourcecode.c.h; path = HTTPAuthenticationRequest.h; sourceTree = "<group>"; };
		3FA07096219EFEC40037D47B /* HTTPAsyncFileResponse.h */ = {isa = PBXFileReference; fileEncoding = 4; lastKnownFileType = sourcecode.c.h; path = HTTPAsyncFileResponse.h; sourceTree = "<group>"; };
		3FA07097219EFEC40037D47B /* HTTPErrorResponse.m */ = {isa = PBXFileReference; fileEncoding = 4; lastKnownFileType = sourcecode.c.objc; path = HTTPErrorResponse.m; sourceTree = "<group>"; };
		3FA07098219EFEC40037D47B /* HTTPDataResponse.m */ = {isa = PBXFileReference; fileEncoding = 4; lastKnownFileType = sourcecode.c.objc; path = HTTPDataResponse.m; sourceTree = "<group>"; };
		3FA07099219EFEC40037D47B /* HTTPRedirectResponse.h */ = {isa = PBXFileReference; fileEncoding = 4; lastKnownFileType = sourcecode.c.h; path = HTTPRedirectResponse.h; sourceTree = "<group>"; };
		3FA0709A219EFEC40037D47B /* HTTPDynamicFileResponse.m */ = {isa = PBXFileReference; fileEncoding = 4; lastKnownFileType = sourcecode.c.objc; path = HTTPDynamicFileResponse.m; sourceTree = "<group>"; };
		3FA0709B219EFEC40037D47B /* HTTPFileResponse.m */ = {isa = PBXFileReference; fileEncoding = 4; lastKnownFileType = sourcecode.c.objc; path = HTTPFileResponse.m; sourceTree = "<group>"; };
		3FA0709C219EFEC40037D47B /* HTTPAsyncFileResponse.m */ = {isa = PBXFileReference; fileEncoding = 4; lastKnownFileType = sourcecode.c.objc; path = HTTPAsyncFileResponse.m; sourceTree = "<group>"; };
		3FA0709D219EFEC40037D47B /* HTTPRedirectResponse.m */ = {isa = PBXFileReference; fileEncoding = 4; lastKnownFileType = sourcecode.c.objc; path = HTTPRedirectResponse.m; sourceTree = "<group>"; };
		3FA0709E219EFEC40037D47B /* HTTPDataResponse.h */ = {isa = PBXFileReference; fileEncoding = 4; lastKnownFileType = sourcecode.c.h; path = HTTPDataResponse.h; sourceTree = "<group>"; };
		3FA0709F219EFEC40037D47B /* HTTPErrorResponse.h */ = {isa = PBXFileReference; fileEncoding = 4; lastKnownFileType = sourcecode.c.h; path = HTTPErrorResponse.h; sourceTree = "<group>"; };
		3FA070A0219EFEC40037D47B /* HTTPFileResponse.h */ = {isa = PBXFileReference; fileEncoding = 4; lastKnownFileType = sourcecode.c.h; path = HTTPFileResponse.h; sourceTree = "<group>"; };
		3FA070A1219EFEC40037D47B /* HTTPDynamicFileResponse.h */ = {isa = PBXFileReference; fileEncoding = 4; lastKnownFileType = sourcecode.c.h; path = HTTPDynamicFileResponse.h; sourceTree = "<group>"; };
		3FA070A2219EFEC40037D47B /* HTTPServer.h */ = {isa = PBXFileReference; fileEncoding = 4; lastKnownFileType = sourcecode.c.h; path = HTTPServer.h; sourceTree = "<group>"; };
		3FA070A3219EFEC40037D47B /* HTTPMessage.m */ = {isa = PBXFileReference; fileEncoding = 4; lastKnownFileType = sourcecode.c.objc; path = HTTPMessage.m; sourceTree = "<group>"; };
		3FA070A4219EFEC40037D47B /* HTTPConnection.m */ = {isa = PBXFileReference; fileEncoding = 4; lastKnownFileType = sourcecode.c.objc; path = HTTPConnection.m; sourceTree = "<group>"; };
		3FA070A5219EFEC40037D47B /* WebSocket.m */ = {isa = PBXFileReference; fileEncoding = 4; lastKnownFileType = sourcecode.c.objc; path = WebSocket.m; sourceTree = "<group>"; };
		3FA070A6219EFEC50037D47B /* HTTPResponse.h */ = {isa = PBXFileReference; fileEncoding = 4; lastKnownFileType = sourcecode.c.h; path = HTTPResponse.h; sourceTree = "<group>"; };
		3FA070A8219EFEC50037D47B /* MultipartFormDataParser.h */ = {isa = PBXFileReference; fileEncoding = 4; lastKnownFileType = sourcecode.c.h; path = MultipartFormDataParser.h; sourceTree = "<group>"; };
		3FA070A9219EFEC50037D47B /* MultipartMessageHeader.h */ = {isa = PBXFileReference; fileEncoding = 4; lastKnownFileType = sourcecode.c.h; path = MultipartMessageHeader.h; sourceTree = "<group>"; };
		3FA070AA219EFEC50037D47B /* MultipartMessageHeaderField.m */ = {isa = PBXFileReference; fileEncoding = 4; lastKnownFileType = sourcecode.c.objc; path = MultipartMessageHeaderField.m; sourceTree = "<group>"; };
		3FA070AB219EFEC50037D47B /* MultipartFormDataParser.m */ = {isa = PBXFileReference; fileEncoding = 4; lastKnownFileType = sourcecode.c.objc; path = MultipartFormDataParser.m; sourceTree = "<group>"; };
		3FA070AC219EFEC50037D47B /* MultipartMessageHeader.m */ = {isa = PBXFileReference; fileEncoding = 4; lastKnownFileType = sourcecode.c.objc; path = MultipartMessageHeader.m; sourceTree = "<group>"; };
		3FA070AD219EFEC50037D47B /* MultipartMessageHeaderField.h */ = {isa = PBXFileReference; fileEncoding = 4; lastKnownFileType = sourcecode.c.h; path = MultipartMessageHeaderField.h; sourceTree = "<group>"; };
		3FA070AE219EFEC50037D47B /* HTTPAuthenticationRequest.m */ = {isa = PBXFileReference; fileEncoding = 4; lastKnownFileType = sourcecode.c.objc; path = HTTPAuthenticationRequest.m; sourceTree = "<group>"; };
		3FA070B0219EFEC50037D47B /* DDNumber.m */ = {isa = PBXFileReference; fileEncoding = 4; lastKnownFileType = sourcecode.c.objc; path = DDNumber.m; sourceTree = "<group>"; };
		3FA070B1219EFEC50037D47B /* DDData.m */ = {isa = PBXFileReference; fileEncoding = 4; lastKnownFileType = sourcecode.c.objc; path = DDData.m; sourceTree = "<group>"; };
		3FA070B2219EFEC50037D47B /* DDRange.h */ = {isa = PBXFileReference; fileEncoding = 4; lastKnownFileType = sourcecode.c.h; path = DDRange.h; sourceTree = "<group>"; };
		3FA070B3219EFEC50037D47B /* DDNumber.h */ = {isa = PBXFileReference; fileEncoding = 4; lastKnownFileType = sourcecode.c.h; path = DDNumber.h; sourceTree = "<group>"; };
		3FA070B4219EFEC50037D47B /* DDRange.m */ = {isa = PBXFileReference; fileEncoding = 4; lastKnownFileType = sourcecode.c.objc; path = DDRange.m; sourceTree = "<group>"; };
		3FA070B5219EFEC50037D47B /* DDData.h */ = {isa = PBXFileReference; fileEncoding = 4; lastKnownFileType = sourcecode.c.h; path = DDData.h; sourceTree = "<group>"; };
		3FA070B6219EFEC50037D47B /* HTTPServer.m */ = {isa = PBXFileReference; fileEncoding = 4; lastKnownFileType = sourcecode.c.objc; path = HTTPServer.m; sourceTree = "<group>"; };
		3FA070E6219F0A140037D47B /* Web */ = {isa = PBXFileReference; lastKnownFileType = folder; name = Web; path = "../../../../../Downloads/CocoaHttpServer-master-2/ZOOM/Project/Web"; sourceTree = "<group>"; };
/* End PBXFileReference section */

/* Begin PBXFrameworksBuildPhase section */
		3FA0705C219EFDD70037D47B /* Frameworks */ = {
			isa = PBXFrameworksBuildPhase;
			buildActionMask = 2147483647;
			files = (
			);
			runOnlyForDeploymentPostprocessing = 0;
		};
/* End PBXFrameworksBuildPhase section */

/* Begin PBXGroup section */
		3FA07056219EFDD70037D47B = {
			isa = PBXGroup;
			children = (
				3FA07061219EFDD70037D47B /* iOSHTTPServer */,
				3FA07060219EFDD70037D47B /* Products */,
			);
			sourceTree = "<group>";
		};
		3FA07060219EFDD70037D47B /* Products */ = {
			isa = PBXGroup;
			children = (
				3FA0705F219EFDD70037D47B /* iOSHTTPServer.app */,
			);
			name = Products;
			sourceTree = "<group>";
		};
		3FA07061219EFDD70037D47B /* iOSHTTPServer */ = {
			isa = PBXGroup;
			children = (
				3FA0708F219EFEC40037D47B /* Core */,
				3FA07078219EFEC40037D47B /* Vendor */,
				3FA07062219EFDD70037D47B /* AppDelegate.h */,
				3FA07063219EFDD70037D47B /* AppDelegate.m */,
				3FA07065219EFDD70037D47B /* ViewController.h */,
				3FA07066219EFDD70037D47B /* ViewController.m */,
				3FA0706B219EFDD80037D47B /* Assets.xcassets */,
				3FA070E6219F0A140037D47B /* Web */,
				3FA0706D219EFDD80037D47B /* LaunchScreen.storyboard */,
				3FA07070219EFDD80037D47B /* Info.plist */,
				3FA07071219EFDD80037D47B /* main.m */,
			);
			path = iOSHTTPServer;
			sourceTree = "<group>";
		};
		3FA07078219EFEC40037D47B /* Vendor */ = {
			isa = PBXGroup;
			children = (
				3FA07079219EFEC40037D47B /* CocoaLumberjack */,
				3FA0708B219EFEC40037D47B /* CocoaAsyncSocket */,
			);
			path = Vendor;
			sourceTree = "<group>";
		};
		3FA07079219EFEC40037D47B /* CocoaLumberjack */ = {
			isa = PBXGroup;
			children = (
				3FA0707A219EFEC40037D47B /* DDTTYLogger.m */,
				3FA0707B219EFEC40037D47B /* DDLog.h */,
				3FA0707C219EFEC40037D47B /* DDAbstractDatabaseLogger.h */,
				3FA0707D219EFEC40037D47B /* DDASLLogger.m */,
				3FA0707E219EFEC40037D47B /* DDFileLogger.h */,
				3FA0707F219EFEC40037D47B /* Extensions */,
				3FA07085219EFEC40037D47B /* DDLog.m */,
				3FA07087219EFEC40037D47B /* DDTTYLogger.h */,
				3FA07088219EFEC40037D47B /* DDAbstractDatabaseLogger.m */,
				3FA07089219EFEC40037D47B /* DDFileLogger.m */,
				3FA0708A219EFEC40037D47B /* DDASLLogger.h */,
			);
			path = CocoaLumberjack;
			sourceTree = "<group>";
		};
		3FA0707F219EFEC40037D47B /* Extensions */ = {
			isa = PBXGroup;
			children = (
				3FA07080219EFEC40037D47B /* ContextFilterLogFormatter.h */,
				3FA07081219EFEC40037D47B /* DispatchQueueLogFormatter.h */,
				3FA07082219EFEC40037D47B /* ContextFilterLogFormatter.m */,
				3FA07083219EFEC40037D47B /* DispatchQueueLogFormatter.m */,
				3FA07084219EFEC40037D47B /* README.txt */,
			);
			path = Extensions;
			sourceTree = "<group>";
		};
		3FA0708B219EFEC40037D47B /* CocoaAsyncSocket */ = {
			isa = PBXGroup;
			children = (
				3FA0708C219EFEC40037D47B /* GCDAsyncSocket.m */,
				3FA0708D219EFEC40037D47B /* About.txt */,
				3FA0708E219EFEC40037D47B /* GCDAsyncSocket.h */,
			);
			path = CocoaAsyncSocket;
			sourceTree = "<group>";
		};
		3FA0708F219EFEC40037D47B /* Core */ = {
			isa = PBXGroup;
			children = (
				3FA07090219EFEC40037D47B /* HTTPConnection.h */,
				3FA07091219EFEC40037D47B /* HTTPLogging.h */,
				3FA07092219EFEC40037D47B /* HTTPMessage.h */,
				3FA07093219EFEC40037D47B /* WebSocket.h */,
				3FA07094219EFEC40037D47B /* HTTPAuthenticationRequest.h */,
				3FA07095219EFEC40037D47B /* Responses */,
				3FA070A2219EFEC40037D47B /* HTTPServer.h */,
				3FA070A3219EFEC40037D47B /* HTTPMessage.m */,
				3FA070A4219EFEC40037D47B /* HTTPConnection.m */,
				3FA070A5219EFEC40037D47B /* WebSocket.m */,
				3FA070A6219EFEC50037D47B /* HTTPResponse.h */,
				3FA070A7219EFEC50037D47B /* Mime */,
				3FA070AE219EFEC50037D47B /* HTTPAuthenticationRequest.m */,
				3FA070AF219EFEC50037D47B /* Categories */,
				3FA070B6219EFEC50037D47B /* HTTPServer.m */,
			);
			path = Core;
			sourceTree = "<group>";
		};
		3FA07095219EFEC40037D47B /* Responses */ = {
			isa = PBXGroup;
			children = (
				3FA07096219EFEC40037D47B /* HTTPAsyncFileResponse.h */,
				3FA07097219EFEC40037D47B /* HTTPErrorResponse.m */,
				3FA07098219EFEC40037D47B /* HTTPDataResponse.m */,
				3FA07099219EFEC40037D47B /* HTTPRedirectResponse.h */,
				3FA0709A219EFEC40037D47B /* HTTPDynamicFileResponse.m */,
				3FA0709B219EFEC40037D47B /* HTTPFileResponse.m */,
				3FA0709C219EFEC40037D47B /* HTTPAsyncFileResponse.m */,
				3FA0709D219EFEC40037D47B /* HTTPRedirectResponse.m */,
				3FA0709E219EFEC40037D47B /* HTTPDataResponse.h */,
				3FA0709F219EFEC40037D47B /* HTTPErrorResponse.h */,
				3FA070A0219EFEC40037D47B /* HTTPFileResponse.h */,
				3FA070A1219EFEC40037D47B /* HTTPDynamicFileResponse.h */,
			);
			path = Responses;
			sourceTree = "<group>";
		};
		3FA070A7219EFEC50037D47B /* Mime */ = {
			isa = PBXGroup;
			children = (
				3FA070A8219EFEC50037D47B /* MultipartFormDataParser.h */,
				3FA070A9219EFEC50037D47B /* MultipartMessageHeader.h */,
				3FA070AA219EFEC50037D47B /* MultipartMessageHeaderField.m */,
				3FA070AB219EFEC50037D47B /* MultipartFormDataParser.m */,
				3FA070AC219EFEC50037D47B /* MultipartMessageHeader.m */,
				3FA070AD219EFEC50037D47B /* MultipartMessageHeaderField.h */,
			);
			path = Mime;
			sourceTree = "<group>";
		};
		3FA070AF219EFEC50037D47B /* Categories */ = {
			isa = PBXGroup;
			children = (
				3FA070B0219EFEC50037D47B /* DDNumber.m */,
				3FA070B1219EFEC50037D47B /* DDData.m */,
				3FA070B2219EFEC50037D47B /* DDRange.h */,
				3FA070B3219EFEC50037D47B /* DDNumber.h */,
				3FA070B4219EFEC50037D47B /* DDRange.m */,
				3FA070B5219EFEC50037D47B /* DDData.h */,
			);
			path = Categories;
			sourceTree = "<group>";
		};
/* End PBXGroup section */

/* Begin PBXNativeTarget section */
		3FA0705E219EFDD70037D47B /* iOSHTTPServer */ = {
			isa = PBXNativeTarget;
			buildConfigurationList = 3FA07075219EFDD80037D47B /* Build configuration list for PBXNativeTarget "iOSHTTPServer" */;
			buildPhases = (
				3FA0705B219EFDD70037D47B /* Sources */,
				3FA0705C219EFDD70037D47B /* Frameworks */,
				3FA0705D219EFDD70037D47B /* Resources */,
			);
			buildRules = (
			);
			dependencies = (
			);
			name = iOSHTTPServer;
			productName = iOSHTTPServer;
			productReference = 3FA0705F219EFDD70037D47B /* iOSHTTPServer.app */;
			productType = "com.apple.product-type.application";
		};
/* End PBXNativeTarget section */

/* Begin PBXProject section */
		3FA07057219EFDD70037D47B /* Project object */ = {
			isa = PBXProject;
			attributes = {
				LastUpgradeCheck = 1010;
				ORGANIZATIONNAME = com.amonxu;
				TargetAttributes = {
					3FA0705E219EFDD70037D47B = {
						CreatedOnToolsVersion = 10.1;
					};
				};
			};
			buildConfigurationList = 3FA0705A219EFDD70037D47B /* Build configuration list for PBXProject "iOSHTTPServer" */;
			compatibilityVersion = "Xcode 9.3";
			developmentRegion = en;
			hasScannedForEncodings = 0;
			knownRegions = (
				en,
				Base,
			);
			mainGroup = 3FA07056219EFDD70037D47B;
			productRefGroup = 3FA07060219EFDD70037D47B /* Products */;
			projectDirPath = "";
			projectRoot = "";
			targets = (
				3FA0705E219EFDD70037D47B /* iOSHTTPServer */,
			);
		};
/* End PBXProject section */

/* Begin PBXResourcesBuildPhase section */
		3FA0705D219EFDD70037D47B /* Resources */ = {
			isa = PBXResourcesBuildPhase;
			buildActionMask = 2147483647;
			files = (
				3FA070CB219EFEC50037D47B /* About.txt in Resources */,
				3FA0706F219EFDD80037D47B /* LaunchScreen.storyboard in Resources */,
				3FA070E7219F0A140037D47B /* Web in Resources */,
				3FA0706C219EFDD80037D47B /* Assets.xcassets in Resources */,
				3FA070C5219EFEC50037D47B /* README.txt in Resources */,
			);
			runOnlyForDeploymentPostprocessing = 0;
		};
/* End PBXResourcesBuildPhase section */

/* Begin PBXSourcesBuildPhase section */
		3FA0705B219EFDD70037D47B /* Sources */ = {
			isa = PBXSourcesBuildPhase;
			buildActionMask = 2147483647;
			files = (
				3FA07067219EFDD70037D47B /* ViewController.m in Sources */,
				3FA070D5219EFEC50037D47B /* MultipartMessageHeaderField.m in Sources */,
				3FA070D4219EFEC50037D47B /* WebSocket.m in Sources */,
				3FA070DB219EFEC50037D47B /* DDRange.m in Sources */,
				3FA070D2219EFEC50037D47B /* HTTPMessage.m in Sources */,
				3FA070C1219EFEC50037D47B /* DDTTYLogger.m in Sources */,
				3FA070DA219EFEC50037D47B /* DDData.m in Sources */,
				3FA07072219EFDD80037D47B /* main.m in Sources */,
				3FA07064219EFDD70037D47B /* AppDelegate.m in Sources */,
				3FA070C6219EFEC50037D47B /* DDLog.m in Sources */,
				3FA070D1219EFEC50037D47B /* HTTPRedirectResponse.m in Sources */,
				3FA070D7219EFEC50037D47B /* MultipartMessageHeader.m in Sources */,
				3FA070C8219EFEC50037D47B /* DDAbstractDatabaseLogger.m in Sources */,
				3FA070C4219EFEC50037D47B /* DispatchQueueLogFormatter.m in Sources */,
				3FA070CC219EFEC50037D47B /* HTTPErrorResponse.m in Sources */,
				3FA070D9219EFEC50037D47B /* DDNumber.m in Sources */,
				3FA070D3219EFEC50037D47B /* HTTPConnection.m in Sources */,
				3FA070D6219EFEC50037D47B /* MultipartFormDataParser.m in Sources */,
				3FA070D8219EFEC50037D47B /* HTTPAuthenticationRequest.m in Sources */,
				3FA070C2219EFEC50037D47B /* DDASLLogger.m in Sources */,
				3FA070C3219EFEC50037D47B /* ContextFilterLogFormatter.m in Sources */,
				3FA070CD219EFEC50037D47B /* HTTPDataResponse.m in Sources */,
				3FA070CA219EFEC50037D47B /* GCDAsyncSocket.m in Sources */,
				3FA070CE219EFEC50037D47B /* HTTPDynamicFileResponse.m in Sources */,
				3FA070CF219EFEC50037D47B /* HTTPFileResponse.m in Sources */,
				3FA070C9219EFEC50037D47B /* DDFileLogger.m in Sources */,
				3FA070DC219EFEC50037D47B /* HTTPServer.m in Sources */,
				3FA070D0219EFEC50037D47B /* HTTPAsyncFileResponse.m in Sources */,
			);
			runOnlyForDeploymentPostprocessing = 0;
		};
/* End PBXSourcesBuildPhase section */

/* Begin PBXVariantGroup section */
		3FA0706D219EFDD80037D47B /* LaunchScreen.storyboard */ = {
			isa = PBXVariantGroup;
			children = (
				3FA0706E219EFDD80037D47B /* Base */,
			);
			name = LaunchScreen.storyboard;
			sourceTree = "<group>";
		};
/* End PBXVariantGroup section */

/* Begin XCBuildConfiguration section */
		3FA07073219EFDD80037D47B /* Debug */ = {
			isa = XCBuildConfiguration;
			buildSettings = {
				ALWAYS_SEARCH_USER_PATHS = NO;
				CLANG_ANALYZER_NONNULL = YES;
				CLANG_ANALYZER_NUMBER_OBJECT_CONVERSION = YES_AGGRESSIVE;
				CLANG_CXX_LANGUAGE_STANDARD = "gnu++14";
				CLANG_CXX_LIBRARY = "libc++";
				CLANG_ENABLE_MODULES = YES;
				CLANG_ENABLE_OBJC_ARC = YES;
				CLANG_ENABLE_OBJC_WEAK = YES;
				CLANG_WARN_BLOCK_CAPTURE_AUTORELEASING = YES;
				CLANG_WARN_BOOL_CONVERSION = YES;
				CLANG_WARN_COMMA = YES;
				CLANG_WARN_CONSTANT_CONVERSION = YES;
				CLANG_WARN_DEPRECATED_OBJC_IMPLEMENTATIONS = YES;
				CLANG_WARN_DIRECT_OBJC_ISA_USAGE = YES_ERROR;
				CLANG_WARN_DOCUMENTATION_COMMENTS = YES;
				CLANG_WARN_EMPTY_BODY = YES;
				CLANG_WARN_ENUM_CONVERSION = YES;
				CLANG_WARN_INFINITE_RECURSION = YES;
				CLANG_WARN_INT_CONVERSION = YES;
				CLANG_WARN_NON_LITERAL_NULL_CONVERSION = YES;
				CLANG_WARN_OBJC_IMPLICIT_RETAIN_SELF = YES;
				CLANG_WARN_OBJC_LITERAL_CONVERSION = YES;
				CLANG_WARN_OBJC_ROOT_CLASS = YES_ERROR;
				CLANG_WARN_RANGE_LOOP_ANALYSIS = YES;
				CLANG_WARN_STRICT_PROTOTYPES = YES;
				CLANG_WARN_SUSPICIOUS_MOVE = YES;
				CLANG_WARN_UNGUARDED_AVAILABILITY = YES_AGGRESSIVE;
				CLANG_WARN_UNREACHABLE_CODE = YES;
				CLANG_WARN__DUPLICATE_METHOD_MATCH = YES;
				CODE_SIGN_IDENTITY = "iPhone Developer";
				COPY_PHASE_STRIP = NO;
				DEBUG_INFORMATION_FORMAT = dwarf;
				ENABLE_STRICT_OBJC_MSGSEND = YES;
				ENABLE_TESTABILITY = YES;
				GCC_C_LANGUAGE_STANDARD = gnu11;
				GCC_DYNAMIC_NO_PIC = NO;
				GCC_NO_COMMON_BLOCKS = YES;
				GCC_OPTIMIZATION_LEVEL = 0;
				GCC_PREPROCESSOR_DEFINITIONS = (
					"DEBUG=1",
					"$(inherited)",
				);
				GCC_WARN_64_TO_32_BIT_CONVERSION = YES;
				GCC_WARN_ABOUT_RETURN_TYPE = YES_ERROR;
				GCC_WARN_UNDECLARED_SELECTOR = YES;
				GCC_WARN_UNINITIALIZED_AUTOS = YES_AGGRESSIVE;
				GCC_WARN_UNUSED_FUNCTION = YES;
				GCC_WARN_UNUSED_VARIABLE = YES;
				IPHONEOS_DEPLOYMENT_TARGET = 12.1;
				MTL_ENABLE_DEBUG_INFO = INCLUDE_SOURCE;
				MTL_FAST_MATH = YES;
				ONLY_ACTIVE_ARCH = YES;
				SDKROOT = iphoneos;
			};
			name = Debug;
		};
		3FA07074219EFDD80037D47B /* Release */ = {
			isa = XCBuildConfiguration;
			buildSettings = {
				ALWAYS_SEARCH_USER_PATHS = NO;
				CLANG_ANALYZER_NONNULL = YES;
				CLANG_ANALYZER_NUMBER_OBJECT_CONVERSION = YES_AGGRESSIVE;
				CLANG_CXX_LANGUAGE_STANDARD = "gnu++14";
				CLANG_CXX_LIBRARY = "libc++";
				CLANG_ENABLE_MODULES = YES;
				CLANG_ENABLE_OBJC_ARC = YES;
				CLANG_ENABLE_OBJC_WEAK = YES;
				CLANG_WARN_BLOCK_CAPTURE_AUTORELEASING = YES;
				CLANG_WARN_BOOL_CONVERSION = YES;
				CLANG_WARN_COMMA = YES;
				CLANG_WARN_CONSTANT_CONVERSION = YES;
				CLANG_WARN_DEPRECATED_OBJC_IMPLEMENTATIONS = YES;
				CLANG_WARN_DIRECT_OBJC_ISA_USAGE = YES_ERROR;
				CLANG_WARN_DOCUMENTATION_COMMENTS = YES;
				CLANG_WARN_EMPTY_BODY = YES;
				CLANG_WARN_ENUM_CONVERSION = YES;
				CLANG_WARN_INFINITE_RECURSION = YES;
				CLANG_WARN_INT_CONVERSION = YES;
				CLANG_WARN_NON_LITERAL_NULL_CONVERSION = YES;
				CLANG_WARN_OBJC_IMPLICIT_RETAIN_SELF = YES;
				CLANG_WARN_OBJC_LITERAL_CONVERSION = YES;
				CLANG_WARN_OBJC_ROOT_CLASS = YES_ERROR;
				CLANG_WARN_RANGE_LOOP_ANALYSIS = YES;
				CLANG_WARN_STRICT_PROTOTYPES = YES;
				CLANG_WARN_SUSPICIOUS_MOVE = YES;
				CLANG_WARN_UNGUARDED_AVAILABILITY = YES_AGGRESSIVE;
				CLANG_WARN_UNREACHABLE_CODE = YES;
				CLANG_WARN__DUPLICATE_METHOD_MATCH = YES;
				CODE_SIGN_IDENTITY = "iPhone Developer";
				COPY_PHASE_STRIP = NO;
				DEBUG_INFORMATION_FORMAT = "dwarf-with-dsym";
				ENABLE_NS_ASSERTIONS = NO;
				ENABLE_STRICT_OBJC_MSGSEND = YES;
				GCC_C_LANGUAGE_STANDARD = gnu11;
				GCC_NO_COMMON_BLOCKS = YES;
				GCC_WARN_64_TO_32_BIT_CONVERSION = YES;
				GCC_WARN_ABOUT_RETURN_TYPE = YES_ERROR;
				GCC_WARN_UNDECLARED_SELECTOR = YES;
				GCC_WARN_UNINITIALIZED_AUTOS = YES_AGGRESSIVE;
				GCC_WARN_UNUSED_FUNCTION = YES;
				GCC_WARN_UNUSED_VARIABLE = YES;
				IPHONEOS_DEPLOYMENT_TARGET = 12.1;
				MTL_ENABLE_DEBUG_INFO = NO;
				MTL_FAST_MATH = YES;
				SDKROOT = iphoneos;
				VALIDATE_PRODUCT = YES;
			};
			name = Release;
		};
		3FA07076219EFDD80037D47B /* Debug */ = {
			isa = XCBuildConfiguration;
			buildSettings = {
				ASSETCATALOG_COMPILER_APPICON_NAME = AppIcon;
				CODE_SIGN_STYLE = Automatic;
				DEVELOPMENT_TEAM = U7ZKJFY4D6;
				INFOPLIST_FILE = iOSHTTPServer/Info.plist;
				LD_RUNPATH_SEARCH_PATHS = (
					"$(inherited)",
					"@executable_path/Frameworks",
				);
				PRODUCT_BUNDLE_IDENTIFIER = com.amonxu.iOSHTTPServer;
				PRODUCT_NAME = "$(TARGET_NAME)";
				TARGETED_DEVICE_FAMILY = "1,2";
			};
			name = Debug;
		};
		3FA07077219EFDD80037D47B /* Release */ = {
			isa = XCBuildConfiguration;
			buildSettings = {
				ASSETCATALOG_COMPILER_APPICON_NAME = AppIcon;
				CODE_SIGN_STYLE = Automatic;
				DEVELOPMENT_TEAM = U7ZKJFY4D6;
				INFOPLIST_FILE = iOSHTTPServer/Info.plist;
				LD_RUNPATH_SEARCH_PATHS = (
					"$(inherited)",
					"@executable_path/Frameworks",
				);
				PRODUCT_BUNDLE_IDENTIFIER = com.amonxu.iOSHTTPServer;
				PRODUCT_NAME = "$(TARGET_NAME)";
				TARGETED_DEVICE_FAMILY = "1,2";
			};
			name = Release;
		};
/* End XCBuildConfiguration section */

/* Begin XCConfigurationList section */
		3FA0705A219EFDD70037D47B /* Build configuration list for PBXProject "iOSHTTPServer" */ = {
			isa = XCConfigurationList;
			buildConfigurations = (
				3FA07073219EFDD80037D47B /* Debug */,
				3FA07074219EFDD80037D47B /* Release */,
			);
			defaultConfigurationIsVisible = 0;
			defaultConfigurationName = Release;
		};
		3FA07075219EFDD80037D47B /* Build configuration list for PBXNativeTarget "iOSHTTPServer" */ = {
			isa = XCConfigurationList;
			buildConfigurations = (
				3FA07076219EFDD80037D47B /* Debug */,
				3FA07077219EFDD80037D47B /* Release */,
			);
			defaultConfigurationIsVisible = 0;
			defaultConfigurationName = Release;
		};
/* End XCConfigurationList section */
	};
	rootObject = 3FA07057219EFDD70037D47B /* Project object */;
}
